// !$*UTF8*$!
{
	archiveVersion = 1;
	classes = {
	};
	objectVersion = 56;
	objects = {

/* Begin PBXBuildFile section */
		15CFBB0F2AC0734900761E63 /* CatchPokemonApp.swift in Sources */ = {isa = PBXBuildFile; fileRef = 15CFBB0E2AC0734900761E63 /* CatchPokemonApp.swift */; };
		15CFBB112AC0734900761E63 /* CreaturesListView.swift in Sources */ = {isa = PBXBuildFile; fileRef = 15CFBB102AC0734900761E63 /* CreaturesListView.swift */; };
		15CFBB132AC0734A00761E63 /* Assets.xcassets in Resources */ = {isa = PBXBuildFile; fileRef = 15CFBB122AC0734A00761E63 /* Assets.xcassets */; };
		15CFBB162AC0734A00761E63 /* Preview Assets.xcassets in Resources */ = {isa = PBXBuildFile; fileRef = 15CFBB152AC0734A00761E63 /* Preview Assets.xcassets */; };
		15CFBB1D2AC0889F00761E63 /* CreaturesViewModel.swift in Sources */ = {isa = PBXBuildFile; fileRef = 15CFBB1C2AC0889F00761E63 /* CreaturesViewModel.swift */; };
		15FB2F272AC1FCEA0067CCB0 /* DetailView.swift in Sources */ = {isa = PBXBuildFile; fileRef = 15FB2F262AC1FCEA0067CCB0 /* DetailView.swift */; };
		15FB2F292AC204E40067CCB0 /* Creature.swift in Sources */ = {isa = PBXBuildFile; fileRef = 15FB2F282AC204E40067CCB0 /* Creature.swift */; };
		15FB2F2B2AC2120E0067CCB0 /* CreatureDetailViewModel.swift in Sources */ = {isa = PBXBuildFile; fileRef = 15FB2F2A2AC2120E0067CCB0 /* CreatureDetailViewModel.swift */; };
/* End PBXBuildFile section */

/* Begin PBXFileReference section */
		15CFBB0B2AC0734900761E63 /* CatchPokemon.app */ = {isa = PBXFileReference; explicitFileType = wrapper.application; includeInIndex = 0; path = CatchPokemon.app; sourceTree = BUILT_PRODUCTS_DIR; };
		15CFBB0E2AC0734900761E63 /* CatchPokemonApp.swift */ = {isa = PBXFileReference; lastKnownFileType = sourcecode.swift; path = CatchPokemonApp.swift; sourceTree = "<group>"; };
		15CFBB102AC0734900761E63 /* CreaturesListView.swift */ = {isa = PBXFileReference; lastKnownFileType = sourcecode.swift; path = CreaturesListView.swift; sourceTree = "<group>"; };
		15CFBB122AC0734A00761E63 /* Assets.xcassets */ = {isa = PBXFileReference; lastKnownFileType = folder.assetcatalog; path = Assets.xcassets; sourceTree = "<group>"; };
		15CFBB152AC0734A00761E63 /* Preview Assets.xcassets */ = {isa = PBXFileReference; lastKnownFileType = folder.assetcatalog; path = "Preview Assets.xcassets"; sourceTree = "<group>"; };
		15CFBB1C2AC0889F00761E63 /* CreaturesViewModel.swift */ = {isa = PBXFileReference; lastKnownFileType = sourcecode.swift; path = CreaturesViewModel.swift; sourceTree = "<group>"; };
		15FB2F262AC1FCEA0067CCB0 /* DetailView.swift */ = {isa = PBXFileReference; lastKnownFileType = sourcecode.swift; path = DetailView.swift; sourceTree = "<group>"; };
		15FB2F282AC204E40067CCB0 /* Creature.swift */ = {isa = PBXFileReference; lastKnownFileType = sourcecode.swift; path = Creature.swift; sourceTree = "<group>"; };
		15FB2F2A2AC2120E0067CCB0 /* CreatureDetailViewModel.swift */ = {isa = PBXFileReference; lastKnownFileType = sourcecode.swift; path = CreatureDetailViewModel.swift; sourceTree = "<group>"; };
/* End PBXFileReference section */

/* Begin PBXFrameworksBuildPhase section */
		15CFBB082AC0734900761E63 /* Frameworks */ = {
			isa = PBXFrameworksBuildPhase;
			buildActionMask = 2147483647;
			files = (
			);
			runOnlyForDeploymentPostprocessing = 0;
		};
/* End PBXFrameworksBuildPhase section */

/* Begin PBXGroup section */
		15CFBB022AC0734900761E63 = {
			isa = PBXGroup;
			children = (
				15CFBB0D2AC0734900761E63 /* CatchPokemon */,
				15CFBB0C2AC0734900761E63 /* Products */,
			);
			sourceTree = "<group>";
		};
		15CFBB0C2AC0734900761E63 /* Products */ = {
			isa = PBXGroup;
			children = (
				15CFBB0B2AC0734900761E63 /* CatchPokemon.app */,
			);
			name = Products;
			sourceTree = "<group>";
		};
		15CFBB0D2AC0734900761E63 /* CatchPokemon */ = {
			isa = PBXGroup;
			children = (
				15CFBB0E2AC0734900761E63 /* CatchPokemonApp.swift */,
				15FB2F282AC204E40067CCB0 /* Creature.swift */,
				15CFBB102AC0734900761E63 /* CreaturesListView.swift */,
				15CFBB1C2AC0889F00761E63 /* CreaturesViewModel.swift */,
				15FB2F2A2AC2120E0067CCB0 /* CreatureDetailViewModel.swift */,
				15FB2F262AC1FCEA0067CCB0 /* DetailView.swift */,
				15CFBB122AC0734A00761E63 /* Assets.xcassets */,
				15CFBB142AC0734A00761E63 /* Preview Content */,
			);
			path = CatchPokemon;
			sourceTree = "<group>";
		};
		15CFBB142AC0734A00761E63 /* Preview Content */ = {
			isa = PBXGroup;
			children = (
				15CFBB152AC0734A00761E63 /* Preview Assets.xcassets */,
			);
			path = "Preview Content";
			sourceTree = "<group>";
		};
/* End PBXGroup section */

/* Begin PBXNativeTarget section */
		15CFBB0A2AC0734900761E63 /* CatchPokemon */ = {
			isa = PBXNativeTarget;
			buildConfigurationList = 15CFBB192AC0734A00761E63 /* Build configuration list for PBXNativeTarget "CatchPokemon" */;
			buildPhases = (
				15CFBB072AC0734900761E63 /* Sources */,
				15CFBB082AC0734900761E63 /* Frameworks */,
				15CFBB092AC0734900761E63 /* Resources */,
			);
			buildRules = (
			);
			dependencies = (
			);
			name = CatchPokemon;
			productName = CatchPokemon;
			productReference = 15CFBB0B2AC0734900761E63 /* CatchPokemon.app */;
			productType = "com.apple.product-type.application";
		};
/* End PBXNativeTarget section */

/* Begin PBXProject section */
		15CFBB032AC0734900761E63 /* Project object */ = {
			isa = PBXProject;
			attributes = {
				BuildIndependentTargetsInParallel = 1;
				LastSwiftUpdateCheck = 1420;
				LastUpgradeCheck = 1420;
				TargetAttributes = {
					15CFBB0A2AC0734900761E63 = {
						CreatedOnToolsVersion = 14.2;
					};
				};
			};
			buildConfigurationList = 15CFBB062AC0734900761E63 /* Build configuration list for PBXProject "CatchPokemon" */;
			compatibilityVersion = "Xcode 14.0";
			developmentRegion = en;
			hasScannedForEncodings = 0;
			knownRegions = (
				en,
				Base,
			);
			mainGroup = 15CFBB022AC0734900761E63;
			productRefGroup = 15CFBB0C2AC0734900761E63 /* Products */;
			projectDirPath = "";
			projectRoot = "";
			targets = (
				15CFBB0A2AC0734900761E63 /* CatchPokemon */,
			);
		};
/* End PBXProject section */

/* Begin PBXResourcesBuildPhase section */
		15CFBB092AC0734900761E63 /* Resources */ = {
			isa = PBXResourcesBuildPhase;
			buildActionMask = 2147483647;
			files = (
				15CFBB162AC0734A00761E63 /* Preview Assets.xcassets in Resources */,
				15CFBB132AC0734A00761E63 /* Assets.xcassets in Resources */,
			);
			runOnlyForDeploymentPostprocessing = 0;
		};
/* End PBXResourcesBuildPhase section */

/* Begin PBXSourcesBuildPhase section */
		15CFBB072AC0734900761E63 /* Sources */ = {
			isa = PBXSourcesBuildPhase;
			buildActionMask = 2147483647;
			files = (
				15CFBB1D2AC0889F00761E63 /* CreaturesViewModel.swift in Sources */,
				15FB2F272AC1FCEA0067CCB0 /* DetailView.swift in Sources */,
				15CFBB112AC0734900761E63 /* CreaturesListView.swift in Sources */,
				15FB2F292AC204E40067CCB0 /* Creature.swift in Sources */,
				15FB2F2B2AC2120E0067CCB0 /* CreatureDetailViewModel.swift in Sources */,
				15CFBB0F2AC0734900761E63 /* CatchPokemonApp.swift in Sources */,
			);
			runOnlyForDeploymentPostprocessing = 0;
		};
/* End PBXSourcesBuildPhase section */

/* Begin XCBuildConfiguration section */
		15CFBB172AC0734A00761E63 /* Debug */ = {
			isa = XCBuildConfiguration;
			buildSettings = {
				ALWAYS_SEARCH_USER_PATHS = NO;
				CLANG_ANALYZER_NONNULL = YES;
				CLANG_ANALYZER_NUMBER_OBJECT_CONVERSION = YES_AGGRESSIVE;
				CLANG_CXX_LANGUAGE_STANDARD = "gnu++20";
				CLANG_ENABLE_MODULES = YES;
				CLANG_ENABLE_OBJC_ARC = YES;
				CLANG_ENABLE_OBJC_WEAK = YES;
				CLANG_WARN_BLOCK_CAPTURE_AUTORELEASING = YES;
				CLANG_WARN_BOOL_CONVERSION = YES;
				CLANG_WARN_COMMA = YES;
				CLANG_WARN_CONSTANT_CONVERSION = YES;
				CLANG_WARN_DEPRECATED_OBJC_IMPLEMENTATIONS = YES;
				CLANG_WARN_DIRECT_OBJC_ISA_USAGE = YES_ERROR;
				CLANG_WARN_DOCUMENTATION_COMMENTS = YES;
				CLANG_WARN_EMPTY_BODY = YES;
				CLANG_WARN_ENUM_CONVERSION = YES;
				CLANG_WARN_INFINITE_RECURSION = YES;
				CLANG_WARN_INT_CONVERSION = YES;
				CLANG_WARN_NON_LITERAL_NULL_CONVERSION = YES;
				CLANG_WARN_OBJC_IMPLICIT_RETAIN_SELF = YES;
				CLANG_WARN_OBJC_LITERAL_CONVERSION = YES;
				CLANG_WARN_OBJC_ROOT_CLASS = YES_ERROR;
				CLANG_WARN_QUOTED_INCLUDE_IN_FRAMEWORK_HEADER = YES;
				CLANG_WARN_RANGE_LOOP_ANALYSIS = YES;
				CLANG_WARN_STRICT_PROTOTYPES = YES;
				CLANG_WARN_SUSPICIOUS_MOVE = YES;
				CLANG_WARN_UNGUARDED_AVAILABILITY = YES_AGGRESSIVE;
				CLANG_WARN_UNREACHABLE_CODE = YES;
				CLANG_WARN__DUPLICATE_METHOD_MATCH = YES;
				COPY_PHASE_STRIP = NO;
				DEBUG_INFORMATION_FORMAT = dwarf;
				ENABLE_STRICT_OBJC_MSGSEND = YES;
				ENABLE_TESTABILITY = YES;
				GCC_C_LANGUAGE_STANDARD = gnu11;
				GCC_DYNAMIC_NO_PIC = NO;
				GCC_NO_COMMON_BLOCKS = YES;
				GCC_OPTIMIZATION_LEVEL = 0;
				GCC_PREPROCESSOR_DEFINITIONS = (
					"DEBUG=1",
					"$(inherited)",
				);
				GCC_WARN_64_TO_32_BIT_CONVERSION = YES;
				GCC_WARN_ABOUT_RETURN_TYPE = YES_ERROR;
				GCC_WARN_UNDECLARED_SELECTOR = YES;
				GCC_WARN_UNINITIALIZED_AUTOS = YES_AGGRESSIVE;
				GCC_WARN_UNUSED_FUNCTION = YES;
				GCC_WARN_UNUSED_VARIABLE = YES;
				IPHONEOS_DEPLOYMENT_TARGET = 16.2;
				MTL_ENABLE_DEBUG_INFO = INCLUDE_SOURCE;
				MTL_FAST_MATH = YES;
				ONLY_ACTIVE_ARCH = YES;
				SDKROOT = iphoneos;
				SWIFT_ACTIVE_COMPILATION_CONDITIONS = DEBUG;
				SWIFT_OPTIMIZATION_LEVEL = "-Onone";
			};
			name = Debug;
		};
		15CFBB182AC0734A00761E63 /* Release */ = {
			isa = XCBuildConfiguration;
			buildSettings = {
				ALWAYS_SEARCH_USER_PATHS = NO;
				CLANG_ANALYZER_NONNULL = YES;
				CLANG_ANALYZER_NUMBER_OBJECT_CONVERSION = YES_AGGRESSIVE;
				CLANG_CXX_LANGUAGE_STANDARD = "gnu++20";
				CLANG_ENABLE_MODULES = YES;
				CLANG_ENABLE_OBJC_ARC = YES;
				CLANG_ENABLE_OBJC_WEAK = YES;
				CLANG_WARN_BLOCK_CAPTURE_AUTORELEASING = YES;
				CLANG_WARN_BOOL_CONVERSION = YES;
				CLANG_WARN_COMMA = YES;
				CLANG_WARN_CONSTANT_CONVERSION = YES;
				CLANG_WARN_DEPRECATED_OBJC_IMPLEMENTATIONS = YES;
				CLANG_WARN_DIRECT_OBJC_ISA_USAGE = YES_ERROR;
				CLANG_WARN_DOCUMENTATION_COMMENTS = YES;
				CLANG_WARN_EMPTY_BODY = YES;
				CLANG_WARN_ENUM_CONVERSION = YES;
				CLANG_WARN_INFINITE_RECURSION = YES;
				CLANG_WARN_INT_CONVERSION = YES;
				CLANG_WARN_NON_LITERAL_NULL_CONVERSION = YES;
				CLANG_WARN_OBJC_IMPLICIT_RETAIN_SELF = YES;
				CLANG_WARN_OBJC_LITERAL_CONVERSION = YES;
				CLANG_WARN_OBJC_ROOT_CLASS = YES_ERROR;
				CLANG_WARN_QUOTED_INCLUDE_IN_FRAMEWORK_HEADER = YES;
				CLANG_WARN_RANGE_LOOP_ANALYSIS = YES;
				CLANG_WARN_STRICT_PROTOTYPES = YES;
				CLANG_WARN_SUSPICIOUS_MOVE = YES;
				CLANG_WARN_UNGUARDED_AVAILABILITY = YES_AGGRESSIVE;
				CLANG_WARN_UNREACHABLE_CODE = YES;
				CLANG_WARN__DUPLICATE_METHOD_MATCH = YES;
				COPY_PHASE_STRIP = NO;
				DEBUG_INFORMATION_FORMAT = "dwarf-with-dsym";
				ENABLE_NS_ASSERTIONS = NO;
				ENABLE_STRICT_OBJC_MSGSEND = YES;
				GCC_C_LANGUAGE_STANDARD = gnu11;
				GCC_NO_COMMON_BLOCKS = YES;
				GCC_WARN_64_TO_32_BIT_CONVERSION = YES;
				GCC_WARN_ABOUT_RETURN_TYPE = YES_ERROR;
				GCC_WARN_UNDECLARED_SELECTOR = YES;
				GCC_WARN_UNINITIALIZED_AUTOS = YES_AGGRESSIVE;
				GCC_WARN_UNUSED_FUNCTION = YES;
				GCC_WARN_UNUSED_VARIABLE = YES;
				IPHONEOS_DEPLOYMENT_TARGET = 16.2;
				MTL_ENABLE_DEBUG_INFO = NO;
				MTL_FAST_MATH = YES;
				SDKROOT = iphoneos;
				SWIFT_COMPILATION_MODE = wholemodule;
				SWIFT_OPTIMIZATION_LEVEL = "-O";
				VALIDATE_PRODUCT = YES;
			};
			name = Release;
		};
		15CFBB1A2AC0734A00761E63 /* Debug */ = {
			isa = XCBuildConfiguration;
			buildSettings = {
				ASSETCATALOG_COMPILER_APPICON_NAME = AppIcon;
				ASSETCATALOG_COMPILER_GLOBAL_ACCENT_COLOR_NAME = AccentColor;
				CODE_SIGN_STYLE = Automatic;
				CURRENT_PROJECT_VERSION = 1;
				DEVELOPMENT_ASSET_PATHS = "\"CatchPokemon/Preview Content\"";
				ENABLE_PREVIEWS = YES;
				GENERATE_INFOPLIST_FILE = YES;
				INFOPLIST_KEY_UIApplicationSceneManifest_Generation = YES;
				INFOPLIST_KEY_UIApplicationSupportsIndirectInputEvents = YES;
				INFOPLIST_KEY_UILaunchScreen_Generation = YES;
				INFOPLIST_KEY_UISupportedInterfaceOrientations_iPad = "UIInterfaceOrientationPortrait UIInterfaceOrientationPortraitUpsideDown UIInterfaceOrientationLandscapeLeft UIInterfaceOrientationLandscapeRight";
				INFOPLIST_KEY_UISupportedInterfaceOrientations_iPhone = "UIInterfaceOrientationPortrait UIInterfaceOrientationLandscapeLeft UIInterfaceOrientationLandscapeRight";
				LD_RUNPATH_SEARCH_PATHS = (
					"$(inherited)",
					"@executable_path/Frameworks",
				);
				MARKETING_VERSION = 1.0;
				PRODUCT_BUNDLE_IDENTIFIER = com.antony.CatchPokemon;
				PRODUCT_NAME = "$(TARGET_NAME)";
				SWIFT_EMIT_LOC_STRINGS = YES;
				SWIFT_VERSION = 5.0;
				TARGETED_DEVICE_FAMILY = "1,2";
			};
			name = Debug;
		};
		15CFBB1B2AC0734A00761E63 /* Release */ = {
			isa = XCBuildConfiguration;
			buildSettings = {
				ASSETCATALOG_COMPILER_APPICON_NAME = AppIcon;
				ASSETCATALOG_COMPILER_GLOBAL_ACCENT_COLOR_NAME = AccentColor;
				CODE_SIGN_STYLE = Automatic;
				CURRENT_PROJECT_VERSION = 1;
				DEVELOPMENT_ASSET_PATHS = "\"CatchPokemon/Preview Content\"";
				ENABLE_PREVIEWS = YES;
				GENERATE_INFOPLIST_FILE = YES;
				INFOPLIST_KEY_UIApplicationSceneManifest_Generation = YES;
				INFOPLIST_KEY_UIApplicationSupportsIndirectInputEvents = YES;
				INFOPLIST_KEY_UILaunchScreen_Generation = YES;
				INFOPLIST_KEY_UISupportedInterfaceOrientations_iPad = "UIInterfaceOrientationPortrait UIInterfaceOrientationPortraitUpsideDown UIInterfaceOrientationLandscapeLeft UIInterfaceOrientationLandscapeRight";
				INFOPLIST_KEY_UISupportedInterfaceOrientations_iPhone = "UIInterfaceOrientationPortrait UIInterfaceOrientationLandscapeLeft UIInterfaceOrientationLandscapeRight";
				LD_RUNPATH_SEARCH_PATHS = (
					"$(inherited)",
					"@executable_path/Frameworks",
				);
				MARKETING_VERSION = 1.0;
				PRODUCT_BUNDLE_IDENTIFIER = com.antony.CatchPokemon;
				PRODUCT_NAME = "$(TARGET_NAME)";
				SWIFT_EMIT_LOC_STRINGS = YES;
				SWIFT_VERSION = 5.0;
				TARGETED_DEVICE_FAMILY = "1,2";
			};
			name = Release;
		};
/* End XCBuildConfiguration section */

/* Begin XCConfigurationList section */
		15CFBB062AC0734900761E63 /* Build configuration list for PBXProject "CatchPokemon" */ = {
			isa = XCConfigurationList;
			buildConfigurations = (
				15CFBB172AC0734A00761E63 /* Debug */,
				15CFBB182AC0734A00761E63 /* Release */,
			);
			defaultConfigurationIsVisible = 0;
			defaultConfigurationName = Release;
		};
		15CFBB192AC0734A00761E63 /* Build configuration list for PBXNativeTarget "CatchPokemon" */ = {
			isa = XCConfigurationList;
			buildConfigurations = (
				15CFBB1A2AC0734A00761E63 /* Debug */,
				15CFBB1B2AC0734A00761E63 /* Release */,
			);
			defaultConfigurationIsVisible = 0;
			defaultConfigurationName = Release;
		};
/* End XCConfigurationList section */
	};
	rootObject = 15CFBB032AC0734900761E63 /* Project object */;
}
